// !$*UTF8*$!
{
	archiveVersion = 1;
	classes = {
	};
	objectVersion = 56;
	objects = {

/* Begin PBXBuildFile section */
		89DB74262A0C88E0004202F9 /* AppDelegate.swift in Sources */ = {isa = PBXBuildFile; fileRef = 89DB74252A0C88E0004202F9 /* AppDelegate.swift */; };
		89DB74282A0C88E0004202F9 /* SceneDelegate.swift in Sources */ = {isa = PBXBuildFile; fileRef = 89DB74272A0C88E0004202F9 /* SceneDelegate.swift */; };
		89DB742A2A0C88E0004202F9 /* ViewController.swift in Sources */ = {isa = PBXBuildFile; fileRef = 89DB74292A0C88E0004202F9 /* ViewController.swift */; };
		89DB742D2A0C88E0004202F9 /* Main.storyboard in Resources */ = {isa = PBXBuildFile; fileRef = 89DB742B2A0C88E0004202F9 /* Main.storyboard */; };
		89DB742F2A0C88E1004202F9 /* Assets.xcassets in Resources */ = {isa = PBXBuildFile; fileRef = 89DB742E2A0C88E1004202F9 /* Assets.xcassets */; };
		89DB74322A0C88E1004202F9 /* LaunchScreen.storyboard in Resources */ = {isa = PBXBuildFile; fileRef = 89DB74302A0C88E1004202F9 /* LaunchScreen.storyboard */; };
		89DB74532A0C8931004202F9 /* bgBlue.png in Resources */ = {isa = PBXBuildFile; fileRef = 89DB743B2A0C8931004202F9 /* bgBlue.png */; };
		89DB74542A0C8931004202F9 /* bgGreen.png in Resources */ = {isa = PBXBuildFile; fileRef = 89DB743C2A0C8931004202F9 /* bgGreen.png */; };
		89DB74552A0C8931004202F9 /* gacha.png in Resources */ = {isa = PBXBuildFile; fileRef = 89DB743D2A0C8931004202F9 /* gacha.png */; };
		89DB74562A0C8931004202F9 /* bgRed.png in Resources */ = {isa = PBXBuildFile; fileRef = 89DB743E2A0C8931004202F9 /* bgRed.png */; };
		89DB74572A0C8931004202F9 /* Presentbox.png in Resources */ = {isa = PBXBuildFile; fileRef = 89DB743F2A0C8931004202F9 /* Presentbox.png */; };
		89DB74582A0C8931004202F9 /* mediaArt.png in Resources */ = {isa = PBXBuildFile; fileRef = 89DB74412A0C8931004202F9 /* mediaArt.png */; };
		89DB74592A0C8931004202F9 /* digitalMusic.png in Resources */ = {isa = PBXBuildFile; fileRef = 89DB74422A0C8931004202F9 /* digitalMusic.png */; };
		89DB745A2A0C8931004202F9 /* unity.png in Resources */ = {isa = PBXBuildFile; fileRef = 89DB74432A0C8931004202F9 /* unity.png */; };
		89DB745B2A0C8931004202F9 /* designer.png in Resources */ = {isa = PBXBuildFile; fileRef = 89DB74442A0C8931004202F9 /* designer.png */; };
		89DB745C2A0C8931004202F9 /* movie.png in Resources */ = {isa = PBXBuildFile; fileRef = 89DB74452A0C8931004202F9 /* movie.png */; };
		89DB745D2A0C8931004202F9 /* animation.png in Resources */ = {isa = PBXBuildFile; fileRef = 89DB74462A0C8931004202F9 /* animation.png */; };
		89DB745E2A0C8931004202F9 /* webService.png in Resources */ = {isa = PBXBuildFile; fileRef = 89DB74472A0C8931004202F9 /* webService.png */; };
		89DB745F2A0C8931004202F9 /* android.png in Resources */ = {isa = PBXBuildFile; fileRef = 89DB74482A0C8931004202F9 /* android.png */; };
		89DB74602A0C8931004202F9 /* IoTMesh.png in Resources */ = {isa = PBXBuildFile; fileRef = 89DB74492A0C8931004202F9 /* IoTMesh.png */; };
		89DB74612A0C8931004202F9 /* minecraft.png in Resources */ = {isa = PBXBuildFile; fileRef = 89DB744A2A0C8931004202F9 /* minecraft.png */; };
		89DB74622A0C8931004202F9 /* maya.png in Resources */ = {isa = PBXBuildFile; fileRef = 89DB744B2A0C8931004202F9 /* maya.png */; };
		89DB74632A0C8931004202F9 /* iphone.png in Resources */ = {isa = PBXBuildFile; fileRef = 89DB744C2A0C8931004202F9 /* iphone.png */; };
		89DB74642A0C8931004202F9 /* webDesign.png in Resources */ = {isa = PBXBuildFile; fileRef = 89DB744D2A0C8931004202F9 /* webDesign.png */; };
		89DB74652A0C8931004202F9 /* README.txt in Resources */ = {isa = PBXBuildFile; fileRef = 89DB744E2A0C8931004202F9 /* README.txt */; };
		89DB74662A0C8931004202F9 /* miku.png in Resources */ = {isa = PBXBuildFile; fileRef = 89DB744F2A0C8931004202F9 /* miku.png */; };
		89DB74672A0C8931004202F9 /* 2DGame.png in Resources */ = {isa = PBXBuildFile; fileRef = 89DB74502A0C8931004202F9 /* 2DGame.png */; };
		89DB74682A0C8931004202F9 /* line.png in Resources */ = {isa = PBXBuildFile; fileRef = 89DB74512A0C8931004202F9 /* line.png */; };
		89DB74692A0C8931004202F9 /* camera.png in Resources */ = {isa = PBXBuildFile; fileRef = 89DB74522A0C8931004202F9 /* camera.png */; };
		89DB746B2A0C8D93004202F9 /* ResultViewController.swift in Sources */ = {isa = PBXBuildFile; fileRef = 89DB746A2A0C8D93004202F9 /* ResultViewController.swift */; };
/* End PBXBuildFile section */

/* Begin PBXFileReference section */
		89DB74222A0C88E0004202F9 /* Gacha.app */ = {isa = PBXFileReference; explicitFileType = wrapper.application; includeInIndex = 0; path = Gacha.app; sourceTree = BUILT_PRODUCTS_DIR; };
		89DB74252A0C88E0004202F9 /* AppDelegate.swift */ = {isa = PBXFileReference; lastKnownFileType = sourcecode.swift; path = AppDelegate.swift; sourceTree = "<group>"; };
		89DB74272A0C88E0004202F9 /* SceneDelegate.swift */ = {isa = PBXFileReference; lastKnownFileType = sourcecode.swift; path = SceneDelegate.swift; sourceTree = "<group>"; };
		89DB74292A0C88E0004202F9 /* ViewController.swift */ = {isa = PBXFileReference; lastKnownFileType = sourcecode.swift; path = ViewController.swift; sourceTree = "<group>"; };
		89DB742C2A0C88E0004202F9 /* Base */ = {isa = PBXFileReference; lastKnownFileType = file.storyboard; name = Base; path = Base.lproj/Main.storyboard; sourceTree = "<group>"; };
		89DB742E2A0C88E1004202F9 /* Assets.xcassets */ = {isa = PBXFileReference; lastKnownFileType = folder.assetcatalog; path = Assets.xcassets; sourceTree = "<group>"; };
		89DB74312A0C88E1004202F9 /* Base */ = {isa = PBXFileReference; lastKnownFileType = file.storyboard; name = Base; path = Base.lproj/LaunchScreen.storyboard; sourceTree = "<group>"; };
		89DB74332A0C88E1004202F9 /* Info.plist */ = {isa = PBXFileReference; lastKnownFileType = text.plist.xml; path = Info.plist; sourceTree = "<group>"; };
		89DB743B2A0C8931004202F9 /* bgBlue.png */ = {isa = PBXFileReference; lastKnownFileType = image.png; path = bgBlue.png; sourceTree = "<group>"; };
		89DB743C2A0C8931004202F9 /* bgGreen.png */ = {isa = PBXFileReference; lastKnownFileType = image.png; path = bgGreen.png; sourceTree = "<group>"; };
		89DB743D2A0C8931004202F9 /* gacha.png */ = {isa = PBXFileReference; lastKnownFileType = image.png; path = gacha.png; sourceTree = "<group>"; };
		89DB743E2A0C8931004202F9 /* bgRed.png */ = {isa = PBXFileReference; lastKnownFileType = image.png; path = bgRed.png; sourceTree = "<group>"; };
		89DB743F2A0C8931004202F9 /* Presentbox.png */ = {isa = PBXFileReference; lastKnownFileType = image.png; path = Presentbox.png; sourceTree = "<group>"; };
		89DB74412A0C8931004202F9 /* mediaArt.png */ = {isa = PBXFileReference; lastKnownFileType = image.png; path = mediaArt.png; sourceTree = "<group>"; };
		89DB74422A0C8931004202F9 /* digitalMusic.png */ = {isa = PBXFileReference; lastKnownFileType = image.png; path = digitalMusic.png; sourceTree = "<group>"; };
		89DB74432A0C8931004202F9 /* unity.png */ = {isa = PBXFileReference; lastKnownFileType = image.png; path = unity.png; sourceTree = "<group>"; };
		89DB74442A0C8931004202F9 /* designer.png */ = {isa = PBXFileReference; lastKnownFileType = image.png; path = designer.png; sourceTree = "<group>"; };
		89DB74452A0C8931004202F9 /* movie.png */ = {isa = PBXFileReference; lastKnownFileType = image.png; path = movie.png; sourceTree = "<group>"; };
		89DB74462A0C8931004202F9 /* animation.png */ = {isa = PBXFileReference; lastKnownFileType = image.png; path = animation.png; sourceTree = "<group>"; };
		89DB74472A0C8931004202F9 /* webService.png */ = {isa = PBXFileReference; lastKnownFileType = image.png; path = webService.png; sourceTree = "<group>"; };
		89DB74482A0C8931004202F9 /* android.png */ = {isa = PBXFileReference; lastKnownFileType = image.png; path = android.png; sourceTree = "<group>"; };
		89DB74492A0C8931004202F9 /* IoTMesh.png */ = {isa = PBXFileReference; lastKnownFileType = image.png; path = IoTMesh.png; sourceTree = "<group>"; };
		89DB744A2A0C8931004202F9 /* minecraft.png */ = {isa = PBXFileReference; lastKnownFileType = image.png; path = minecraft.png; sourceTree = "<group>"; };
		89DB744B2A0C8931004202F9 /* maya.png */ = {isa = PBXFileReference; lastKnownFileType = image.png; path = maya.png; sourceTree = "<group>"; };
		89DB744C2A0C8931004202F9 /* iphone.png */ = {isa = PBXFileReference; lastKnownFileType = image.png; path = iphone.png; sourceTree = "<group>"; };
		89DB744D2A0C8931004202F9 /* webDesign.png */ = {isa = PBXFileReference; lastKnownFileType = image.png; path = webDesign.png; sourceTree = "<group>"; };
		89DB744E2A0C8931004202F9 /* README.txt */ = {isa = PBXFileReference; fileEncoding = 4; lastKnownFileType = text; path = README.txt; sourceTree = "<group>"; };
		89DB744F2A0C8931004202F9 /* miku.png */ = {isa = PBXFileReference; lastKnownFileType = image.png; path = miku.png; sourceTree = "<group>"; };
		89DB74502A0C8931004202F9 /* 2DGame.png */ = {isa = PBXFileReference; lastKnownFileType = image.png; path = 2DGame.png; sourceTree = "<group>"; };
		89DB74512A0C8931004202F9 /* line.png */ = {isa = PBXFileReference; lastKnownFileType = image.png; path = line.png; sourceTree = "<group>"; };
		89DB74522A0C8931004202F9 /* camera.png */ = {isa = PBXFileReference; lastKnownFileType = image.png; path = camera.png; sourceTree = "<group>"; };
		89DB746A2A0C8D93004202F9 /* ResultViewController.swift */ = {isa = PBXFileReference; lastKnownFileType = sourcecode.swift; path = ResultViewController.swift; sourceTree = "<group>"; };
/* End PBXFileReference section */

/* Begin PBXFrameworksBuildPhase section */
		89DB741F2A0C88E0004202F9 /* Frameworks */ = {
			isa = PBXFrameworksBuildPhase;
			buildActionMask = 2147483647;
			files = (
			);
			runOnlyForDeploymentPostprocessing = 0;
		};
/* End PBXFrameworksBuildPhase section */

/* Begin PBXGroup section */
		89DB74192A0C88E0004202F9 = {
			isa = PBXGroup;
			children = (
				89DB74242A0C88E0004202F9 /* Gacha */,
				89DB74232A0C88E0004202F9 /* Products */,
			);
			sourceTree = "<group>";
		};
		89DB74232A0C88E0004202F9 /* Products */ = {
			isa = PBXGroup;
			children = (
				89DB74222A0C88E0004202F9 /* Gacha.app */,
			);
			name = Products;
			sourceTree = "<group>";
		};
		89DB74242A0C88E0004202F9 /* Gacha */ = {
			isa = PBXGroup;
			children = (
				89DB74252A0C88E0004202F9 /* AppDelegate.swift */,
				89DB74272A0C88E0004202F9 /* SceneDelegate.swift */,
				89DB74292A0C88E0004202F9 /* ViewController.swift */,
				89DB746A2A0C8D93004202F9 /* ResultViewController.swift */,
				89DB742B2A0C88E0004202F9 /* Main.storyboard */,
				89DB742E2A0C88E1004202F9 /* Assets.xcassets */,
				89DB74302A0C88E1004202F9 /* LaunchScreen.storyboard */,
				89DB74332A0C88E1004202F9 /* Info.plist */,
				89DB74392A0C8931004202F9 /* GachaResources */,
			);
			path = Gacha;
			sourceTree = "<group>";
		};
		89DB74392A0C8931004202F9 /* GachaResources */ = {
			isa = PBXGroup;
			children = (
				89DB743A2A0C8931004202F9 /* background */,
				89DB74402A0C8931004202F9 /* character */,
			);
			path = GachaResources;
			sourceTree = "<group>";
		};
		89DB743A2A0C8931004202F9 /* background */ = {
			isa = PBXGroup;
			children = (
				89DB743B2A0C8931004202F9 /* bgBlue.png */,
				89DB743C2A0C8931004202F9 /* bgGreen.png */,
				89DB743D2A0C8931004202F9 /* gacha.png */,
				89DB743E2A0C8931004202F9 /* bgRed.png */,
				89DB743F2A0C8931004202F9 /* Presentbox.png */,
			);
			path = background;
			sourceTree = "<group>";
		};
		89DB74402A0C8931004202F9 /* character */ = {
			isa = PBXGroup;
			children = (
				89DB74412A0C8931004202F9 /* mediaArt.png */,
				89DB74422A0C8931004202F9 /* digitalMusic.png */,
				89DB74432A0C8931004202F9 /* unity.png */,
				89DB74442A0C8931004202F9 /* designer.png */,
				89DB74452A0C8931004202F9 /* movie.png */,
				89DB74462A0C8931004202F9 /* animation.png */,
				89DB74472A0C8931004202F9 /* webService.png */,
				89DB74482A0C8931004202F9 /* android.png */,
				89DB74492A0C8931004202F9 /* IoTMesh.png */,
				89DB744A2A0C8931004202F9 /* minecraft.png */,
				89DB744B2A0C8931004202F9 /* maya.png */,
				89DB744C2A0C8931004202F9 /* iphone.png */,
				89DB744D2A0C8931004202F9 /* webDesign.png */,
				89DB744E2A0C8931004202F9 /* README.txt */,
				89DB744F2A0C8931004202F9 /* miku.png */,
				89DB74502A0C8931004202F9 /* 2DGame.png */,
				89DB74512A0C8931004202F9 /* line.png */,
				89DB74522A0C8931004202F9 /* camera.png */,
			);
			path = character;
			sourceTree = "<group>";
		};
/* End PBXGroup section */

/* Begin PBXNativeTarget section */
		89DB74212A0C88E0004202F9 /* Gacha */ = {
			isa = PBXNativeTarget;
			buildConfigurationList = 89DB74362A0C88E1004202F9 /* Build configuration list for PBXNativeTarget "Gacha" */;
			buildPhases = (
				89DB741E2A0C88E0004202F9 /* Sources */,
				89DB741F2A0C88E0004202F9 /* Frameworks */,
				89DB74202A0C88E0004202F9 /* Resources */,
			);
			buildRules = (
			);
			dependencies = (
			);
			name = Gacha;
			productName = Gacha;
			productReference = 89DB74222A0C88E0004202F9 /* Gacha.app */;
			productType = "com.apple.product-type.application";
		};
/* End PBXNativeTarget section */

/* Begin PBXProject section */
		89DB741A2A0C88E0004202F9 /* Project object */ = {
			isa = PBXProject;
			attributes = {
				BuildIndependentTargetsInParallel = 1;
				LastSwiftUpdateCheck = 1430;
				LastUpgradeCheck = 1430;
				TargetAttributes = {
					89DB74212A0C88E0004202F9 = {
						CreatedOnToolsVersion = 14.3;
					};
				};
			};
			buildConfigurationList = 89DB741D2A0C88E0004202F9 /* Build configuration list for PBXProject "Gacha" */;
			compatibilityVersion = "Xcode 14.0";
			developmentRegion = en;
			hasScannedForEncodings = 0;
			knownRegions = (
				en,
				Base,
			);
			mainGroup = 89DB74192A0C88E0004202F9;
			productRefGroup = 89DB74232A0C88E0004202F9 /* Products */;
			projectDirPath = "";
			projectRoot = "";
			targets = (
				89DB74212A0C88E0004202F9 /* Gacha */,
			);
		};
/* End PBXProject section */

/* Begin PBXResourcesBuildPhase section */
		89DB74202A0C88E0004202F9 /* Resources */ = {
			isa = PBXResourcesBuildPhase;
			buildActionMask = 2147483647;
			files = (
				89DB74322A0C88E1004202F9 /* LaunchScreen.storyboard in Resources */,
				89DB74582A0C8931004202F9 /* mediaArt.png in Resources */,
				89DB74652A0C8931004202F9 /* README.txt in Resources */,
				89DB74592A0C8931004202F9 /* digitalMusic.png in Resources */,
				89DB74562A0C8931004202F9 /* bgRed.png in Resources */,
				89DB745C2A0C8931004202F9 /* movie.png in Resources */,
				89DB74692A0C8931004202F9 /* camera.png in Resources */,
				89DB74612A0C8931004202F9 /* minecraft.png in Resources */,
				89DB74642A0C8931004202F9 /* webDesign.png in Resources */,
				89DB745B2A0C8931004202F9 /* designer.png in Resources */,
				89DB745E2A0C8931004202F9 /* webService.png in Resources */,
				89DB742F2A0C88E1004202F9 /* Assets.xcassets in Resources */,
				89DB74572A0C8931004202F9 /* Presentbox.png in Resources */,
				89DB745A2A0C8931004202F9 /* unity.png in Resources */,
				89DB74672A0C8931004202F9 /* 2DGame.png in Resources */,
				89DB74602A0C8931004202F9 /* IoTMesh.png in Resources */,
				89DB74632A0C8931004202F9 /* iphone.png in Resources */,
				89DB74682A0C8931004202F9 /* line.png in Resources */,
				89DB74622A0C8931004202F9 /* maya.png in Resources */,
				89DB74662A0C8931004202F9 /* miku.png in Resources */,
				89DB74542A0C8931004202F9 /* bgGreen.png in Resources */,
				89DB74532A0C8931004202F9 /* bgBlue.png in Resources */,
				89DB74552A0C8931004202F9 /* gacha.png in Resources */,
				89DB745D2A0C8931004202F9 /* animation.png in Resources */,
				89DB742D2A0C88E0004202F9 /* Main.storyboard in Resources */,
				89DB745F2A0C8931004202F9 /* android.png in Resources */,
			);
			runOnlyForDeploymentPostprocessing = 0;
		};
/* End PBXResourcesBuildPhase section */

/* Begin PBXSourcesBuildPhase section */
		89DB741E2A0C88E0004202F9 /* Sources */ = {
			isa = PBXSourcesBuildPhase;
			buildActionMask = 2147483647;
			files = (
				89DB742A2A0C88E0004202F9 /* ViewController.swift in Sources */,
				89DB74262A0C88E0004202F9 /* AppDelegate.swift in Sources */,
				89DB74282A0C88E0004202F9 /* SceneDelegate.swift in Sources */,
				89DB746B2A0C8D93004202F9 /* ResultViewController.swift in Sources */,
			);
			runOnlyForDeploymentPostprocessing = 0;
		};
/* End PBXSourcesBuildPhase section */

/* Begin PBXVariantGroup section */
		89DB742B2A0C88E0004202F9 /* Main.storyboard */ = {
			isa = PBXVariantGroup;
			children = (
				89DB742C2A0C88E0004202F9 /* Base */,
			);
			name = Main.storyboard;
			sourceTree = "<group>";
		};
		89DB74302A0C88E1004202F9 /* LaunchScreen.storyboard */ = {
			isa = PBXVariantGroup;
			children = (
				89DB74312A0C88E1004202F9 /* Base */,
			);
			name = LaunchScreen.storyboard;
			sourceTree = "<group>";
		};
/* End PBXVariantGroup section */

/* Begin XCBuildConfiguration section */
		89DB74342A0C88E1004202F9 /* Debug */ = {
			isa = XCBuildConfiguration;
			buildSettings = {
				ALWAYS_SEARCH_USER_PATHS = NO;
				CLANG_ANALYZER_NONNULL = YES;
				CLANG_ANALYZER_NUMBER_OBJECT_CONVERSION = YES_AGGRESSIVE;
				CLANG_CXX_LANGUAGE_STANDARD = "gnu++20";
				CLANG_ENABLE_MODULES = YES;
				CLANG_ENABLE_OBJC_ARC = YES;
				CLANG_ENABLE_OBJC_WEAK = YES;
				CLANG_WARN_BLOCK_CAPTURE_AUTORELEASING = YES;
				CLANG_WARN_BOOL_CONVERSION = YES;
				CLANG_WARN_COMMA = YES;
				CLANG_WARN_CONSTANT_CONVERSION = YES;
				CLANG_WARN_DEPRECATED_OBJC_IMPLEMENTATIONS = YES;
				CLANG_WARN_DIRECT_OBJC_ISA_USAGE = YES_ERROR;
				CLANG_WARN_DOCUMENTATION_COMMENTS = YES;
				CLANG_WARN_EMPTY_BODY = YES;
				CLANG_WARN_ENUM_CONVERSION = YES;
				CLANG_WARN_INFINITE_RECURSION = YES;
				CLANG_WARN_INT_CONVERSION = YES;
				CLANG_WARN_NON_LITERAL_NULL_CONVERSION = YES;
				CLANG_WARN_OBJC_IMPLICIT_RETAIN_SELF = YES;
				CLANG_WARN_OBJC_LITERAL_CONVERSION = YES;
				CLANG_WARN_OBJC_ROOT_CLASS = YES_ERROR;
				CLANG_WARN_QUOTED_INCLUDE_IN_FRAMEWORK_HEADER = YES;
				CLANG_WARN_RANGE_LOOP_ANALYSIS = YES;
				CLANG_WARN_STRICT_PROTOTYPES = YES;
				CLANG_WARN_SUSPICIOUS_MOVE = YES;
				CLANG_WARN_UNGUARDED_AVAILABILITY = YES_AGGRESSIVE;
				CLANG_WARN_UNREACHABLE_CODE = YES;
				CLANG_WARN__DUPLICATE_METHOD_MATCH = YES;
				COPY_PHASE_STRIP = NO;
				DEBUG_INFORMATION_FORMAT = dwarf;
				ENABLE_STRICT_OBJC_MSGSEND = YES;
				ENABLE_TESTABILITY = YES;
				GCC_C_LANGUAGE_STANDARD = gnu11;
				GCC_DYNAMIC_NO_PIC = NO;
				GCC_NO_COMMON_BLOCKS = YES;
				GCC_OPTIMIZATION_LEVEL = 0;
				GCC_PREPROCESSOR_DEFINITIONS = (
					"DEBUG=1",
					"$(inherited)",
				);
				GCC_WARN_64_TO_32_BIT_CONVERSION = YES;
				GCC_WARN_ABOUT_RETURN_TYPE = YES_ERROR;
				GCC_WARN_UNDECLARED_SELECTOR = YES;
				GCC_WARN_UNINITIALIZED_AUTOS = YES_AGGRESSIVE;
				GCC_WARN_UNUSED_FUNCTION = YES;
				GCC_WARN_UNUSED_VARIABLE = YES;
				IPHONEOS_DEPLOYMENT_TARGET = 16.4;
				MTL_ENABLE_DEBUG_INFO = INCLUDE_SOURCE;
				MTL_FAST_MATH = YES;
				ONLY_ACTIVE_ARCH = YES;
				SDKROOT = iphoneos;
				SWIFT_ACTIVE_COMPILATION_CONDITIONS = DEBUG;
				SWIFT_OPTIMIZATION_LEVEL = "-Onone";
			};
			name = Debug;
		};
		89DB74352A0C88E1004202F9 /* Release */ = {
			isa = XCBuildConfiguration;
			buildSettings = {
				ALWAYS_SEARCH_USER_PATHS = NO;
				CLANG_ANALYZER_NONNULL = YES;
				CLANG_ANALYZER_NUMBER_OBJECT_CONVERSION = YES_AGGRESSIVE;
				CLANG_CXX_LANGUAGE_STANDARD = "gnu++20";
				CLANG_ENABLE_MODULES = YES;
				CLANG_ENABLE_OBJC_ARC = YES;
				CLANG_ENABLE_OBJC_WEAK = YES;
				CLANG_WARN_BLOCK_CAPTURE_AUTORELEASING = YES;
				CLANG_WARN_BOOL_CONVERSION = YES;
				CLANG_WARN_COMMA = YES;
				CLANG_WARN_CONSTANT_CONVERSION = YES;
				CLANG_WARN_DEPRECATED_OBJC_IMPLEMENTATIONS = YES;
				CLANG_WARN_DIRECT_OBJC_ISA_USAGE = YES_ERROR;
				CLANG_WARN_DOCUMENTATION_COMMENTS = YES;
				CLANG_WARN_EMPTY_BODY = YES;
				CLANG_WARN_ENUM_CONVERSION = YES;
				CLANG_WARN_INFINITE_RECURSION = YES;
				CLANG_WARN_INT_CONVERSION = YES;
				CLANG_WARN_NON_LITERAL_NULL_CONVERSION = YES;
				CLANG_WARN_OBJC_IMPLICIT_RETAIN_SELF = YES;
				CLANG_WARN_OBJC_LITERAL_CONVERSION = YES;
				CLANG_WARN_OBJC_ROOT_CLASS = YES_ERROR;
				CLANG_WARN_QUOTED_INCLUDE_IN_FRAMEWORK_HEADER = YES;
				CLANG_WARN_RANGE_LOOP_ANALYSIS = YES;
				CLANG_WARN_STRICT_PROTOTYPES = YES;
				CLANG_WARN_SUSPICIOUS_MOVE = YES;
				CLANG_WARN_UNGUARDED_AVAILABILITY = YES_AGGRESSIVE;
				CLANG_WARN_UNREACHABLE_CODE = YES;
				CLANG_WARN__DUPLICATE_METHOD_MATCH = YES;
				COPY_PHASE_STRIP = NO;
				DEBUG_INFORMATION_FORMAT = "dwarf-with-dsym";
				ENABLE_NS_ASSERTIONS = NO;
				ENABLE_STRICT_OBJC_MSGSEND = YES;
				GCC_C_LANGUAGE_STANDARD = gnu11;
				GCC_NO_COMMON_BLOCKS = YES;
				GCC_WARN_64_TO_32_BIT_CONVERSION = YES;
				GCC_WARN_ABOUT_RETURN_TYPE = YES_ERROR;
				GCC_WARN_UNDECLARED_SELECTOR = YES;
				GCC_WARN_UNINITIALIZED_AUTOS = YES_AGGRESSIVE;
				GCC_WARN_UNUSED_FUNCTION = YES;
				GCC_WARN_UNUSED_VARIABLE = YES;
				IPHONEOS_DEPLOYMENT_TARGET = 16.4;
				MTL_ENABLE_DEBUG_INFO = NO;
				MTL_FAST_MATH = YES;
				SDKROOT = iphoneos;
				SWIFT_COMPILATION_MODE = wholemodule;
				SWIFT_OPTIMIZATION_LEVEL = "-O";
				VALIDATE_PRODUCT = YES;
			};
			name = Release;
		};
		89DB74372A0C88E1004202F9 /* Debug */ = {
			isa = XCBuildConfiguration;
			buildSettings = {
				ASSETCATALOG_COMPILER_APPICON_NAME = AppIcon;
				ASSETCATALOG_COMPILER_GLOBAL_ACCENT_COLOR_NAME = AccentColor;
				CODE_SIGN_STYLE = Automatic;
				CURRENT_PROJECT_VERSION = 1;
				GENERATE_INFOPLIST_FILE = YES;
				INFOPLIST_FILE = Gacha/Info.plist;
				INFOPLIST_KEY_UIApplicationSupportsIndirectInputEvents = YES;
				INFOPLIST_KEY_UILaunchStoryboardName = LaunchScreen;
				INFOPLIST_KEY_UIMainStoryboardFile = Main;
				INFOPLIST_KEY_UISupportedInterfaceOrientations_iPad = "UIInterfaceOrientationPortrait UIInterfaceOrientationPortraitUpsideDown UIInterfaceOrientationLandscapeLeft UIInterfaceOrientationLandscapeRight";
				INFOPLIST_KEY_UISupportedInterfaceOrientations_iPhone = "UIInterfaceOrientationPortrait UIInterfaceOrientationLandscapeLeft UIInterfaceOrientationLandscapeRight";
				LD_RUNPATH_SEARCH_PATHS = (
					"$(inherited)",
					"@executable_path/Frameworks",
				);
				MARKETING_VERSION = 1.0;
				PRODUCT_BUNDLE_IDENTIFIER = app.Oi.Haya.Gacha;
				PRODUCT_NAME = "$(TARGET_NAME)";
				SWIFT_EMIT_LOC_STRINGS = YES;
				SWIFT_VERSION = 5.0;
				TARGETED_DEVICE_FAMILY = "1,2";
			};
			name = Debug;
		};
		89DB74382A0C88E1004202F9 /* Release */ = {
			isa = XCBuildConfiguration;
			buildSettings = {
				ASSETCATALOG_COMPILER_APPICON_NAME = AppIcon;
				ASSETCATALOG_COMPILER_GLOBAL_ACCENT_COLOR_NAME = AccentColor;
				CODE_SIGN_STYLE = Automatic;
				CURRENT_PROJECT_VERSION = 1;
				GENERATE_INFOPLIST_FILE = YES;
				INFOPLIST_FILE = Gacha/Info.plist;
				INFOPLIST_KEY_UIApplicationSupportsIndirectInputEvents = YES;
				INFOPLIST_KEY_UILaunchStoryboardName = LaunchScreen;
				INFOPLIST_KEY_UIMainStoryboardFile = Main;
				INFOPLIST_KEY_UISupportedInterfaceOrientations_iPad = "UIInterfaceOrientationPortrait UIInterfaceOrientationPortraitUpsideDown UIInterfaceOrientationLandscapeLeft UIInterfaceOrientationLandscapeRight";
				INFOPLIST_KEY_UISupportedInterfaceOrientations_iPhone = "UIInterfaceOrientationPortrait UIInterfaceOrientationLandscapeLeft UIInterfaceOrientationLandscapeRight";
				LD_RUNPATH_SEARCH_PATHS = (
					"$(inherited)",
					"@executable_path/Frameworks",
				);
				MARKETING_VERSION = 1.0;
				PRODUCT_BUNDLE_IDENTIFIER = app.Oi.Haya.Gacha;
				PRODUCT_NAME = "$(TARGET_NAME)";
				SWIFT_EMIT_LOC_STRINGS = YES;
				SWIFT_VERSION = 5.0;
				TARGETED_DEVICE_FAMILY = "1,2";
			};
			name = Release;
		};
/* End XCBuildConfiguration section */

/* Begin XCConfigurationList section */
		89DB741D2A0C88E0004202F9 /* Build configuration list for PBXProject "Gacha" */ = {
			isa = XCConfigurationList;
			buildConfigurations = (
				89DB74342A0C88E1004202F9 /* Debug */,
				89DB74352A0C88E1004202F9 /* Release */,
			);
			defaultConfigurationIsVisible = 0;
			defaultConfigurationName = Release;
		};
		89DB74362A0C88E1004202F9 /* Build configuration list for PBXNativeTarget "Gacha" */ = {
			isa = XCConfigurationList;
			buildConfigurations = (
				89DB74372A0C88E1004202F9 /* Debug */,
				89DB74382A0C88E1004202F9 /* Release */,
			);
			defaultConfigurationIsVisible = 0;
			defaultConfigurationName = Release;
		};
/* End XCConfigurationList section */
	};
	rootObject = 89DB741A2A0C88E0004202F9 /* Project object */;
}
